// !$*UTF8*$!
{
	archiveVersion = 1;
	classes = {
	};
	objectVersion = 46;
	objects = {

/* Begin PBXBuildFile section */
		23B069F9DB19AA75A4A8B2C0 /* Pods_Markdown.framework in Frameworks */ = {isa = PBXBuildFile; fileRef = B4EE4A7A1198984B885B6838 /* Pods_Markdown.framework */; };
		A12FA6501C2C0452002B9A81 /* MDEmbedlyViewController.swift in Sources */ = {isa = PBXBuildFile; fileRef = A12FA64F1C2C0452002B9A81 /* MDEmbedlyViewController.swift */; };
		A16100451C0DE3F7002E44B5 /* AppDelegate.swift in Sources */ = {isa = PBXBuildFile; fileRef = A16100441C0DE3F7002E44B5 /* AppDelegate.swift */; };
		A161005A1C0DE5F4002E44B5 /* contentful_logo_512@2x.png in Resources */ = {isa = PBXBuildFile; fileRef = A16100591C0DE5F4002E44B5 /* contentful_logo_512@2x.png */; };
		A16100601C0DE96E002E44B5 /* LaunchScreen.storyboard in Resources */ = {isa = PBXBuildFile; fileRef = A161005F1C0DE96E002E44B5 /* LaunchScreen.storyboard */; };
		A16100651C0DEA41002E44B5 /* MDWebViewController.swift in Sources */ = {isa = PBXBuildFile; fileRef = A16100641C0DEA41002E44B5 /* MDWebViewController.swift */; };
		A16100671C0DEC77002E44B5 /* webView@2x.png in Resources */ = {isa = PBXBuildFile; fileRef = A16100661C0DEC77002E44B5 /* webView@2x.png */; };
		A16100691C0DED2C002E44B5 /* MDTextViewController.swift in Sources */ = {isa = PBXBuildFile; fileRef = A16100681C0DED2C002E44B5 /* MDTextViewController.swift */; };
		A161006B1C0DED83002E44B5 /* lightning@2x.png in Resources */ = {isa = PBXBuildFile; fileRef = A161006A1C0DED83002E44B5 /* lightning@2x.png */; };
/* End PBXBuildFile section */

/* Begin PBXFileReference section */
		128F5B72C956A00AE4526AFB /* Pods.framework */ = {isa = PBXFileReference; explicitFileType = wrapper.framework; includeInIndex = 0; path = Pods.framework; sourceTree = BUILT_PRODUCTS_DIR; };
		69C343C2FC5B47C242DBB852 /* Pods-Markdown.debug.xcconfig */ = {isa = PBXFileReference; includeInIndex = 1; lastKnownFileType = text.xcconfig; name = "Pods-Markdown.debug.xcconfig"; path = "Pods/Target Support Files/Pods-Markdown/Pods-Markdown.debug.xcconfig"; sourceTree = "<group>"; };
		A12FA64F1C2C0452002B9A81 /* MDEmbedlyViewController.swift */ = {isa = PBXFileReference; fileEncoding = 4; lastKnownFileType = sourcecode.swift; path = MDEmbedlyViewController.swift; sourceTree = "<group>"; };
		A16100411C0DE3F7002E44B5 /* Markdown.app */ = {isa = PBXFileReference; explicitFileType = wrapper.application; includeInIndex = 0; path = Markdown.app; sourceTree = BUILT_PRODUCTS_DIR; };
		A16100441C0DE3F7002E44B5 /* AppDelegate.swift */ = {isa = PBXFileReference; lastKnownFileType = sourcecode.swift; path = AppDelegate.swift; sourceTree = "<group>"; };
		A16100501C0DE3F7002E44B5 /* Info.plist */ = {isa = PBXFileReference; lastKnownFileType = text.plist.xml; path = Info.plist; sourceTree = "<group>"; };
		A16100591C0DE5F4002E44B5 /* contentful_logo_512@2x.png */ = {isa = PBXFileReference; lastKnownFileType = image.png; path = "contentful_logo_512@2x.png"; sourceTree = "<group>"; };
		A161005F1C0DE96E002E44B5 /* LaunchScreen.storyboard */ = {isa = PBXFileReference; fileEncoding = 4; lastKnownFileType = file.storyboard; path = LaunchScreen.storyboard; sourceTree = "<group>"; };
		A16100641C0DEA41002E44B5 /* MDWebViewController.swift */ = {isa = PBXFileReference; fileEncoding = 4; lastKnownFileType = sourcecode.swift; path = MDWebViewController.swift; sourceTree = "<group>"; };
		A16100661C0DEC77002E44B5 /* webView@2x.png */ = {isa = PBXFileReference; lastKnownFileType = image.png; path = "webView@2x.png"; sourceTree = "<group>"; };
		A16100681C0DED2C002E44B5 /* MDTextViewController.swift */ = {isa = PBXFileReference; fileEncoding = 4; lastKnownFileType = sourcecode.swift; path = MDTextViewController.swift; sourceTree = "<group>"; };
		A161006A1C0DED83002E44B5 /* lightning@2x.png */ = {isa = PBXFileReference; lastKnownFileType = image.png; path = "lightning@2x.png"; sourceTree = "<group>"; };
		A7DA70DECF3916205D0657BA /* Pods-Markdown.release.xcconfig */ = {isa = PBXFileReference; includeInIndex = 1; lastKnownFileType = text.xcconfig; name = "Pods-Markdown.release.xcconfig"; path = "Pods/Target Support Files/Pods-Markdown/Pods-Markdown.release.xcconfig"; sourceTree = "<group>"; };
		B4EE4A7A1198984B885B6838 /* Pods_Markdown.framework */ = {isa = PBXFileReference; explicitFileType = wrapper.framework; includeInIndex = 0; path = Pods_Markdown.framework; sourceTree = BUILT_PRODUCTS_DIR; };
/* End PBXFileReference section */

/* Begin PBXFrameworksBuildPhase section */
		A161003E1C0DE3F7002E44B5 /* Frameworks */ = {
			isa = PBXFrameworksBuildPhase;
			buildActionMask = 2147483647;
			files = (
				23B069F9DB19AA75A4A8B2C0 /* Pods_Markdown.framework in Frameworks */,
			);
			runOnlyForDeploymentPostprocessing = 0;
		};
/* End PBXFrameworksBuildPhase section */

/* Begin PBXGroup section */
		57E437A2754ED6F877D55B5A /* Frameworks */ = {
			isa = PBXGroup;
			children = (
				128F5B72C956A00AE4526AFB /* Pods.framework */,
				B4EE4A7A1198984B885B6838 /* Pods_Markdown.framework */,
			);
			name = Frameworks;
			sourceTree = "<group>";
		};
		9F707A0D7C6D99C2CB0147F8 /* Pods */ = {
			isa = PBXGroup;
			children = (
				69C343C2FC5B47C242DBB852 /* Pods-Markdown.debug.xcconfig */,
				A7DA70DECF3916205D0657BA /* Pods-Markdown.release.xcconfig */,
			);
			name = Pods;
			sourceTree = "<group>";
		};
		A16100381C0DE3F7002E44B5 = {
			isa = PBXGroup;
			children = (
				A16100431C0DE3F7002E44B5 /* Code */,
				57E437A2754ED6F877D55B5A /* Frameworks */,
				A16100421C0DE3F7002E44B5 /* Products */,
				A16100561C0DE400002E44B5 /* Resources */,
				9F707A0D7C6D99C2CB0147F8 /* Pods */,
			);
			sourceTree = "<group>";
		};
		A16100421C0DE3F7002E44B5 /* Products */ = {
			isa = PBXGroup;
			children = (
				A16100411C0DE3F7002E44B5 /* Markdown.app */,
			);
			name = Products;
			sourceTree = "<group>";
		};
		A16100431C0DE3F7002E44B5 /* Code */ = {
			isa = PBXGroup;
			children = (
				A16100441C0DE3F7002E44B5 /* AppDelegate.swift */,
				A12FA64F1C2C0452002B9A81 /* MDEmbedlyViewController.swift */,
				A16100681C0DED2C002E44B5 /* MDTextViewController.swift */,
				A16100641C0DEA41002E44B5 /* MDWebViewController.swift */,
			);
			path = Code;
			sourceTree = "<group>";
		};
		A16100561C0DE400002E44B5 /* Resources */ = {
			isa = PBXGroup;
			children = (
				A16100591C0DE5F4002E44B5 /* contentful_logo_512@2x.png */,
				A16100501C0DE3F7002E44B5 /* Info.plist */,
				A161005F1C0DE96E002E44B5 /* LaunchScreen.storyboard */,
				A161006A1C0DED83002E44B5 /* lightning@2x.png */,
				A16100661C0DEC77002E44B5 /* webView@2x.png */,
			);
			path = Resources;
			sourceTree = "<group>";
		};
/* End PBXGroup section */

/* Begin PBXNativeTarget section */
		A16100401C0DE3F7002E44B5 /* Markdown */ = {
			isa = PBXNativeTarget;
			buildConfigurationList = A16100531C0DE3F7002E44B5 /* Build configuration list for PBXNativeTarget "Markdown" */;
			buildPhases = (
				C9DF152140CE0D2D62C4C9E2 /* [CP] Check Pods Manifest.lock */,
				A161003D1C0DE3F7002E44B5 /* Sources */,
				A161003E1C0DE3F7002E44B5 /* Frameworks */,
				A161003F1C0DE3F7002E44B5 /* Resources */,
				E41EB5F3E4C4D3F07EDD84BC /* [CP] Embed Pods Frameworks */,
				385CA28ABA02C3135E01DDFC /* [CP] Copy Pods Resources */,
			);
			buildRules = (
			);
			dependencies = (
			);
			name = Markdown;
			productName = Markdown;
			productReference = A16100411C0DE3F7002E44B5 /* Markdown.app */;
			productType = "com.apple.product-type.application";
		};
/* End PBXNativeTarget section */

/* Begin PBXProject section */
		A16100391C0DE3F7002E44B5 /* Project object */ = {
			isa = PBXProject;
			attributes = {
				LastSwiftUpdateCheck = 0710;
				LastUpgradeCheck = 0820;
				ORGANIZATIONNAME = "Contentful GmbH";
				TargetAttributes = {
					A16100401C0DE3F7002E44B5 = {
						CreatedOnToolsVersion = 7.1;
						LastSwiftMigration = 0820;
					};
				};
			};
			buildConfigurationList = A161003C1C0DE3F7002E44B5 /* Build configuration list for PBXProject "Markdown" */;
			compatibilityVersion = "Xcode 3.2";
			developmentRegion = English;
			hasScannedForEncodings = 0;
			knownRegions = (
				en,
				Base,
			);
			mainGroup = A16100381C0DE3F7002E44B5;
			productRefGroup = A16100421C0DE3F7002E44B5 /* Products */;
			projectDirPath = "";
			projectRoot = "";
			targets = (
				A16100401C0DE3F7002E44B5 /* Markdown */,
			);
		};
/* End PBXProject section */

/* Begin PBXResourcesBuildPhase section */
		A161003F1C0DE3F7002E44B5 /* Resources */ = {
			isa = PBXResourcesBuildPhase;
			buildActionMask = 2147483647;
			files = (
				A161005A1C0DE5F4002E44B5 /* contentful_logo_512@2x.png in Resources */,
				A161006B1C0DED83002E44B5 /* lightning@2x.png in Resources */,
				A16100601C0DE96E002E44B5 /* LaunchScreen.storyboard in Resources */,
				A16100671C0DEC77002E44B5 /* webView@2x.png in Resources */,
			);
			runOnlyForDeploymentPostprocessing = 0;
		};
/* End PBXResourcesBuildPhase section */

/* Begin PBXShellScriptBuildPhase section */
		385CA28ABA02C3135E01DDFC /* [CP] Copy Pods Resources */ = {
			isa = PBXShellScriptBuildPhase;
			buildActionMask = 2147483647;
			files = (
			);
			inputPaths = (
			);
			name = "[CP] Copy Pods Resources";
			outputPaths = (
			);
			runOnlyForDeploymentPostprocessing = 0;
			shellPath = /bin/sh;
			shellScript = "\"${SRCROOT}/Pods/Target Support Files/Pods-Markdown/Pods-Markdown-resources.sh\"\n";
			showEnvVarsInLog = 0;
		};
		C9DF152140CE0D2D62C4C9E2 /* [CP] Check Pods Manifest.lock */ = {
			isa = PBXShellScriptBuildPhase;
			buildActionMask = 2147483647;
			files = (
			);
			inputPaths = (
			);
			name = "[CP] Check Pods Manifest.lock";
			outputPaths = (
			);
			runOnlyForDeploymentPostprocessing = 0;
			shellPath = /bin/sh;
			shellScript = "diff \"${PODS_ROOT}/../Podfile.lock\" \"${PODS_ROOT}/Manifest.lock\" > /dev/null\nif [ $? != 0 ] ; then\n    # print error to STDERR\n    echo \"error: The sandbox is not in sync with the Podfile.lock. Run 'pod install' or update your CocoaPods installation.\" >&2\n    exit 1\nfi\n";
			showEnvVarsInLog = 0;
		};
		E41EB5F3E4C4D3F07EDD84BC /* [CP] Embed Pods Frameworks */ = {
			isa = PBXShellScriptBuildPhase;
			buildActionMask = 2147483647;
			files = (
			);
			inputPaths = (
			);
			name = "[CP] Embed Pods Frameworks";
			outputPaths = (
			);
			runOnlyForDeploymentPostprocessing = 0;
			shellPath = /bin/sh;
			shellScript = "\"${SRCROOT}/Pods/Target Support Files/Pods-Markdown/Pods-Markdown-frameworks.sh\"\n";
			showEnvVarsInLog = 0;
		};
/* End PBXShellScriptBuildPhase section */

/* Begin PBXSourcesBuildPhase section */
		A161003D1C0DE3F7002E44B5 /* Sources */ = {
			isa = PBXSourcesBuildPhase;
			buildActionMask = 2147483647;
			files = (
				A16100691C0DED2C002E44B5 /* MDTextViewController.swift in Sources */,
				A16100651C0DEA41002E44B5 /* MDWebViewController.swift in Sources */,
				A12FA6501C2C0452002B9A81 /* MDEmbedlyViewController.swift in Sources */,
				A16100451C0DE3F7002E44B5 /* AppDelegate.swift in Sources */,
			);
			runOnlyForDeploymentPostprocessing = 0;
		};
/* End PBXSourcesBuildPhase section */

/* Begin XCBuildConfiguration section */
		A16100511C0DE3F7002E44B5 /* Debug */ = {
			isa = XCBuildConfiguration;
			buildSettings = {
				ALWAYS_SEARCH_USER_PATHS = NO;
				CLANG_CXX_LANGUAGE_STANDARD = "gnu++0x";
				CLANG_CXX_LIBRARY = "libc++";
				CLANG_ENABLE_MODULES = YES;
				CLANG_ENABLE_OBJC_ARC = YES;
				CLANG_WARN_BOOL_CONVERSION = YES;
				CLANG_WARN_CONSTANT_CONVERSION = YES;
				CLANG_WARN_DIRECT_OBJC_ISA_USAGE = YES_ERROR;
				CLANG_WARN_EMPTY_BODY = YES;
				CLANG_WARN_ENUM_CONVERSION = YES;
				CLANG_WARN_INFINITE_RECURSION = YES;
				CLANG_WARN_INT_CONVERSION = YES;
				CLANG_WARN_OBJC_ROOT_CLASS = YES_ERROR;
				CLANG_WARN_SUSPICIOUS_MOVE = YES;
				CLANG_WARN_UNREACHABLE_CODE = YES;
				CLANG_WARN__DUPLICATE_METHOD_MATCH = YES;
				"CODE_SIGN_IDENTITY[sdk=iphoneos*]" = "iPhone Developer";
				COPY_PHASE_STRIP = NO;
				DEBUG_INFORMATION_FORMAT = dwarf;
				ENABLE_STRICT_OBJC_MSGSEND = YES;
				ENABLE_TESTABILITY = YES;
				GCC_C_LANGUAGE_STANDARD = gnu99;
				GCC_DYNAMIC_NO_PIC = NO;
				GCC_NO_COMMON_BLOCKS = YES;
				GCC_OPTIMIZATION_LEVEL = 0;
				GCC_PREPROCESSOR_DEFINITIONS = (
					"DEBUG=1",
					"$(inherited)",
				);
				GCC_WARN_64_TO_32_BIT_CONVERSION = YES;
				GCC_WARN_ABOUT_RETURN_TYPE = YES_ERROR;
				GCC_WARN_UNDECLARED_SELECTOR = YES;
				GCC_WARN_UNINITIALIZED_AUTOS = YES_AGGRESSIVE;
				GCC_WARN_UNUSED_FUNCTION = YES;
				GCC_WARN_UNUSED_VARIABLE = YES;
				IPHONEOS_DEPLOYMENT_TARGET = 9.1;
				MTL_ENABLE_DEBUG_INFO = YES;
				ONLY_ACTIVE_ARCH = YES;
				SDKROOT = iphoneos;
				SWIFT_OPTIMIZATION_LEVEL = "-Onone";
			};
			name = Debug;
		};
		A16100521C0DE3F7002E44B5 /* Release */ = {
			isa = XCBuildConfiguration;
			buildSettings = {
				ALWAYS_SEARCH_USER_PATHS = NO;
				CLANG_CXX_LANGUAGE_STANDARD = "gnu++0x";
				CLANG_CXX_LIBRARY = "libc++";
				CLANG_ENABLE_MODULES = YES;
				CLANG_ENABLE_OBJC_ARC = YES;
				CLANG_WARN_BOOL_CONVERSION = YES;
				CLANG_WARN_CONSTANT_CONVERSION = YES;
				CLANG_WARN_DIRECT_OBJC_ISA_USAGE = YES_ERROR;
				CLANG_WARN_EMPTY_BODY = YES;
				CLANG_WARN_ENUM_CONVERSION = YES;
				CLANG_WARN_INFINITE_RECURSION = YES;
				CLANG_WARN_INT_CONVERSION = YES;
				CLANG_WARN_OBJC_ROOT_CLASS = YES_ERROR;
				CLANG_WARN_SUSPICIOUS_MOVE = YES;
				CLANG_WARN_UNREACHABLE_CODE = YES;
				CLANG_WARN__DUPLICATE_METHOD_MATCH = YES;
				"CODE_SIGN_IDENTITY[sdk=iphoneos*]" = "iPhone Developer";
				COPY_PHASE_STRIP = NO;
				DEBUG_INFORMATION_FORMAT = "dwarf-with-dsym";
				ENABLE_NS_ASSERTIONS = NO;
				ENABLE_STRICT_OBJC_MSGSEND = YES;
				GCC_C_LANGUAGE_STANDARD = gnu99;
				GCC_NO_COMMON_BLOCKS = YES;
				GCC_WARN_64_TO_32_BIT_CONVERSION = YES;
				GCC_WARN_ABOUT_RETURN_TYPE = YES_ERROR;
				GCC_WARN_UNDECLARED_SELECTOR = YES;
				GCC_WARN_UNINITIALIZED_AUTOS = YES_AGGRESSIVE;
				GCC_WARN_UNUSED_FUNCTION = YES;
				GCC_WARN_UNUSED_VARIABLE = YES;
				IPHONEOS_DEPLOYMENT_TARGET = 9.1;
				MTL_ENABLE_DEBUG_INFO = NO;
				SDKROOT = iphoneos;
				SWIFT_OPTIMIZATION_LEVEL = "-Owholemodule";
				VALIDATE_PRODUCT = YES;
			};
			name = Release;
		};
		A16100541C0DE3F7002E44B5 /* Debug */ = {
			isa = XCBuildConfiguration;
			baseConfigurationReference = 69C343C2FC5B47C242DBB852 /* Pods-Markdown.debug.xcconfig */;
			buildSettings = {
				INFOPLIST_FILE = Resources/Info.plist;
				LD_RUNPATH_SEARCH_PATHS = "$(inherited) @executable_path/Frameworks";
				PRODUCT_BUNDLE_IDENTIFIER = com.contentful.Markdown;
				PRODUCT_NAME = "$(TARGET_NAME)";
				SWIFT_OBJC_BRIDGING_HEADER = "";
				SWIFT_VERSION = 3.0;
			};
			name = Debug;
		};
		A16100551C0DE3F7002E44B5 /* Release */ = {
			isa = XCBuildConfiguration;
			baseConfigurationReference = A7DA70DECF3916205D0657BA /* Pods-Markdown.release.xcconfig */;
			buildSettings = {
				INFOPLIST_FILE = Resources/Info.plist;
				LD_RUNPATH_SEARCH_PATHS = "$(inherited) @executable_path/Frameworks";
				PRODUCT_BUNDLE_IDENTIFIER = com.contentful.Markdown;
				PRODUCT_NAME = "$(TARGET_NAME)";
				SWIFT_OBJC_BRIDGING_HEADER = "";
				SWIFT_VERSION = 3.0;
			};
			name = Release;
		};
/* End XCBuildConfiguration section */

/* Begin XCConfigurationList section */
		A161003C1C0DE3F7002E44B5 /* Build configuration list for PBXProject "Markdown" */ = {
			isa = XCConfigurationList;
			buildConfigurations = (
				A16100511C0DE3F7002E44B5 /* Debug */,
				A16100521C0DE3F7002E44B5 /* Release */,
			);
			defaultConfigurationIsVisible = 0;
			defaultConfigurationName = Release;
		};
		A16100531C0DE3F7002E44B5 /* Build configuration list for PBXNativeTarget "Markdown" */ = {
			isa = XCConfigurationList;
			buildConfigurations = (
				A16100541C0DE3F7002E44B5 /* Debug */,
				A16100551C0DE3F7002E44B5 /* Release */,
			);
			defaultConfigurationIsVisible = 0;
			defaultConfigurationName = Release;
		};
/* End XCConfigurationList section */
	};
	rootObject = A16100391C0DE3F7002E44B5 /* Project object */;
}
