PODS:
  - cmark (0.21.0)
  - CocoaMarkdown (1.0):
    - cmark (~> 0.21.0)
    - Ono (~> 1.1.3)
  - Contentful (0.3.1):
    - Decodable (~> 0.5)
    - Interstellar (~> 2.0.0)
  - Decodable (0.5)
  - Interstellar (2.0.0):
    - Interstellar/Core (= 2.0.0)
    - Interstellar/Warpdrive (= 2.0.0)
  - Interstellar/Core (2.0.0)
  - Interstellar/Warpdrive (2.0.0):
    - Interstellar/Core
  - MMMarkdown (0.5.5)
  - Ono (1.1.3)

DEPENDENCIES:
  - cmark
  - CocoaMarkdown (from `https://github.com/indragiek/CocoaMarkdown`, branch `master`)
  - Contentful (~> 0.3.0)
  - MMMarkdown
  - Ono

EXTERNAL SOURCES:
  CocoaMarkdown:
    :branch: master
    :git: https://github.com/indragiek/CocoaMarkdown

CHECKOUT OPTIONS:
  CocoaMarkdown:
    :commit: c2f3dae49ac640d3be407ef9f97a45b5af2a415f
    :git: https://github.com/indragiek/CocoaMarkdown

SPEC CHECKSUMS:
  cmark: 0868ab0d93af82a0f3f4b69a313b5d2089af51c3
  CocoaMarkdown: 41f251503cd62c36e0fc1c34f8d33d4fce11bf29
  Contentful: 2b3ffedfdf360e97a49f722148526c85d4f40e60
  Decodable: 7c90acc68d357b71d0d6efc120faf9c53c644b7e
  Interstellar: 63a760ff3a3657f791a4523de4b89727c51edec3
  MMMarkdown: 1af97166ce0f6d6e0cb05695665492195d27c3f1
  Ono: 49c7cc7e513718fe6c2a1f87fea80ea9272d0216

PODFILE CHECKSUM: 5e746d108a9a93d8ad30acf1892f80c38c0b1e83

COCOAPODS: 1.2.0
